
Microsoft Visual Studio Solution File, Format Version 12.00
# Visual Studio Version 17
VisualStudioVersion = 17.11.35327.3
MinimumVisualStudioVersion = 10.0.40219.1
Project("{FAE04EC0-301F-11D3-BF4B-00C04F79EFBC}") = "My app", "My app.csproj", "{C40796CC-1A7B-4417-A8CF-C58198BB6770}"
EndProject
Project("{FAE04EC0-301F-11D3-BF4B-00C04F79EFBC}") = "TestingProject", "..\TestingProject\TestingProject.csproj", "{65FB87BF-CE5D-475E-AB5E-34F12E3A03DE}"
EndProject
Global
	GlobalSection(SolutionConfigurationPlatforms) = preSolution
		Debug|Any CPU = Debug|Any CPU
		Release|Any CPU = Release|Any CPU
	EndGlobalSection
	GlobalSection(ProjectConfigurationPlatforms) = postSolution
		{C40796CC-1A7B-4417-A8CF-C58198BB6770}.Debug|Any CPU.ActiveCfg = Debug|Any CPU
		{C40796CC-1A7B-4417-A8CF-C58198BB6770}.Debug|Any CPU.Build.0 = Debug|Any CPU
		{C40796CC-1A7B-4417-A8CF-C58198BB6770}.Release|Any CPU.ActiveCfg = Release|Any CPU
		{C40796CC-1A7B-4417-A8CF-C58198BB6770}.Release|Any CPU.Build.0 = Release|Any CPU
		{65FB87BF-CE5D-475E-AB5E-34F12E3A03DE}.Debug|Any CPU.ActiveCfg = Debug|Any CPU
		{65FB87BF-CE5D-475E-AB5E-34F12E3A03DE}.Debug|Any CPU.Build.0 = Debug|Any CPU
		{65FB87BF-CE5D-475E-AB5E-34F12E3A03DE}.Release|Any CPU.ActiveCfg = Release|Any CPU
		{65FB87BF-CE5D-475E-AB5E-34F12E3A03DE}.Release|Any CPU.Build.0 = Release|Any CPU
	EndGlobalSection
	GlobalSection(SolutionProperties) = preSolution
		HideSolutionNode = FALSE
	EndGlobalSection
	GlobalSection(ExtensibilityGlobals) = postSolution
		SolutionGuid = {018AF13D-3CE0-423E-86CE-E63035ED3894}
	EndGlobalSection
EndGlobal
